
Microsoft Visual Studio Solution File, Format Version 12.00
# Visual Studio Version 17
VisualStudioVersion = 17.10.35013.160
MinimumVisualStudioVersion = 10.0.40219.1
Project("{FAE04EC0-301F-11D3-BF4B-00C04F79EFBC}") = "Task", "Task\Task.csproj", "{DECFE22B-8B2F-4A49-AA48-83AF3C67DECD}"
EndProject
Project("{FAE04EC0-301F-11D3-BF4B-00C04F79EFBC}") = "DzMassivi", "DzMassivi\DzMassivi.csproj", "{82359A21-C627-4B3B-A0F2-8AD4B0862613}"
EndProject
Global
	GlobalSection(SolutionConfigurationPlatforms) = preSolution
		Debug|Any CPU = Debug|Any CPU
		Release|Any CPU = Release|Any CPU
	EndGlobalSection
	GlobalSection(ProjectConfigurationPlatforms) = postSolution
		{DECFE22B-8B2F-4A49-AA48-83AF3C67DECD}.Debug|Any CPU.ActiveCfg = Debug|Any CPU
		{DECFE22B-8B2F-4A49-AA48-83AF3C67DECD}.Debug|Any CPU.Build.0 = Debug|Any CPU
		{DECFE22B-8B2F-4A49-AA48-83AF3C67DECD}.Release|Any CPU.ActiveCfg = Release|Any CPU
		{DECFE22B-8B2F-4A49-AA48-83AF3C67DECD}.Release|Any CPU.Build.0 = Release|Any CPU
		{82359A21-C627-4B3B-A0F2-8AD4B0862613}.Debug|Any CPU.ActiveCfg = Debug|Any CPU
		{82359A21-C627-4B3B-A0F2-8AD4B0862613}.Debug|Any CPU.Build.0 = Debug|Any CPU
		{82359A21-C627-4B3B-A0F2-8AD4B0862613}.Release|Any CPU.ActiveCfg = Release|Any CPU
		{82359A21-C627-4B3B-A0F2-8AD4B0862613}.Release|Any CPU.Build.0 = Release|Any CPU
	EndGlobalSection
	GlobalSection(SolutionProperties) = preSolution
		HideSolutionNode = FALSE
	EndGlobalSection
	GlobalSection(ExtensibilityGlobals) = postSolution
		SolutionGuid = {1C6D303B-5A1C-4CBE-9F9E-F1550C0743A6}
	EndGlobalSection
EndGlobal
